
Microsoft Visual Studio Solution File, Format Version 12.00
# Visual Studio Version 16
VisualStudioVersion = 16.0.31005.135
MinimumVisualStudioVersion = 10.0.40219.1
Project("{9A19103F-16F7-4668-BE54-9A1E7A4F7556}") = "DataLayer", "DataLayer\DataLayer.csproj", "{2E4588B5-542D-48EC-B12B-3F7E07A339E7}"
EndProject
Project("{9A19103F-16F7-4668-BE54-9A1E7A4F7556}") = "ServerApplication", "ServerApplication\ServerApplication.csproj", "{DDF93CFE-D340-4EFA-BD8E-5F418CF17C2D}"
EndProject
Project("{9A19103F-16F7-4668-BE54-9A1E7A4F7556}") = "DatabaseRepository", "DatabaseRepository\DatabaseRepository.csproj", "{5044D83E-EE9A-4895-BADE-29B58F9AACAC}"
EndProject
Project("{9A19103F-16F7-4668-BE54-9A1E7A4F7556}") = "ExchangeServices", "ExchangeServices\ExchangeServices.csproj", "{47A9406C-2E78-40F2-B8D7-CBEF58611008}"
EndProject
Project("{9A19103F-16F7-4668-BE54-9A1E7A4F7556}") = "Utilities", "Utilities\Utilities.csproj", "{65C1A91E-CC2A-457C-9F81-45EE9D34AF86}"
EndProject
Project("{9A19103F-16F7-4668-BE54-9A1E7A4F7556}") = "ExchangeModels", "ExchangeModels\ExchangeModels.csproj", "{9C0E6D5C-1D2E-49BD-A04F-E1213BD1AAFA}"
EndProject
Project("{9A19103F-16F7-4668-BE54-9A1E7A4F7556}") = "Redis", "Redis\Redis.csproj", "{9BC33497-6A4E-4741-840E-7136977A9B74}"
EndProject
Project("{9A19103F-16F7-4668-BE54-9A1E7A4F7556}") = "ZeroMQ", "ZeroMQ\ZeroMQ.csproj", "{809212EB-D301-40F7-98F7-09D511C18D25}"
EndProject
Project("{9A19103F-16F7-4668-BE54-9A1E7A4F7556}") = "ChainViewAPI", "ChainViewAPI\ChainViewAPI.csproj", "{F04001B3-4EF4-49E7-8793-61B492B2DA53}"
EndProject
Project("{9A19103F-16F7-4668-BE54-9A1E7A4F7556}") = "UserModels", "UserModels\UserModels.csproj", "{1F8E0C42-DF06-4060-A9CD-6C6BB524F04B}"
EndProject
Project("{9A19103F-16F7-4668-BE54-9A1E7A4F7556}") = "UserRepository", "UserRepository\UserRepository.csproj", "{E10DF846-A3AF-46B6-8B9A-3530135CADEE}"
EndProject
Project("{9A19103F-16F7-4668-BE54-9A1E7A4F7556}") = "WebSocket", "WebSocket\WebSocket.csproj", "{0E751414-F00B-489C-914C-16848CE3AEB8}"
EndProject
Project("{9A19103F-16F7-4668-BE54-9A1E7A4F7556}") = "ServerApplication.Bybit", "ServerApplication.Bybit\ServerApplication.Bybit.csproj", "{BAB5E380-A43E-4ADC-8F80-292C199FE744}"
EndProject
Project("{2150E333-8FDC-42A3-9474-1A3956D46DE8}") = "ServerApp", "ServerApp", "{BA5606A6-E698-4D48-8ABF-82FF13B8C0A8}"
EndProject
Project("{2150E333-8FDC-42A3-9474-1A3956D46DE8}") = "MongoDB", "MongoDB", "{E4CB9A57-05BB-4A01-AA65-CFD9282AE04C}"
EndProject
Project("{2150E333-8FDC-42A3-9474-1A3956D46DE8}") = "MySql", "MySql", "{ABE872A4-34EA-4D10-B280-6322C7FF744E}"
EndProject
Project("{2150E333-8FDC-42A3-9474-1A3956D46DE8}") = "ExServices", "ExServices", "{E9B081F0-3B15-4BCE-BB00-81F1CD03237F}"
EndProject
Project("{2150E333-8FDC-42A3-9474-1A3956D46DE8}") = "Web", "Web", "{9E422E97-374B-4D30-A0F7-D897813BAB06}"
EndProject
Project("{2150E333-8FDC-42A3-9474-1A3956D46DE8}") = "WS", "WS", "{D4E9ABAD-EC4B-4A53-9A8E-66230315CB51}"
EndProject
Project("{2150E333-8FDC-42A3-9474-1A3956D46DE8}") = "UnitTests", "UnitTests", "{E142E96E-456E-44AC-A423-FD9EA92697D6}"
EndProject
Project("{FAE04EC0-301F-11D3-BF4B-00C04F79EFBC}") = "ExchangeServices.UnitTest", "ExchangeServices.UnitTest\ExchangeServices.UnitTest.csproj", "{40C8ED13-5A71-437F-9CB1-F2072D232EFD}"
EndProject
Project("{FAE04EC0-301F-11D3-BF4B-00C04F79EFBC}") = "ServerApplication.Bybit.UnitTest", "ServerApplication.Bybit.UnitTest\ServerApplication.Bybit.UnitTest.csproj", "{CFACBB74-D358-418E-AE8D-EB3CBF4861A6}"
EndProject
Global
	GlobalSection(SolutionConfigurationPlatforms) = preSolution
		Debug|Any CPU = Debug|Any CPU
		Release|Any CPU = Release|Any CPU
	EndGlobalSection
	GlobalSection(ProjectConfigurationPlatforms) = postSolution
		{2E4588B5-542D-48EC-B12B-3F7E07A339E7}.Debug|Any CPU.ActiveCfg = Debug|Any CPU
		{2E4588B5-542D-48EC-B12B-3F7E07A339E7}.Debug|Any CPU.Build.0 = Debug|Any CPU
		{2E4588B5-542D-48EC-B12B-3F7E07A339E7}.Release|Any CPU.ActiveCfg = Release|Any CPU
		{2E4588B5-542D-48EC-B12B-3F7E07A339E7}.Release|Any CPU.Build.0 = Release|Any CPU
		{DDF93CFE-D340-4EFA-BD8E-5F418CF17C2D}.Debug|Any CPU.ActiveCfg = Debug|Any CPU
		{DDF93CFE-D340-4EFA-BD8E-5F418CF17C2D}.Debug|Any CPU.Build.0 = Debug|Any CPU
		{DDF93CFE-D340-4EFA-BD8E-5F418CF17C2D}.Release|Any CPU.ActiveCfg = Release|Any CPU
		{DDF93CFE-D340-4EFA-BD8E-5F418CF17C2D}.Release|Any CPU.Build.0 = Release|Any CPU
		{5044D83E-EE9A-4895-BADE-29B58F9AACAC}.Debug|Any CPU.ActiveCfg = Debug|Any CPU
		{5044D83E-EE9A-4895-BADE-29B58F9AACAC}.Debug|Any CPU.Build.0 = Debug|Any CPU
		{5044D83E-EE9A-4895-BADE-29B58F9AACAC}.Release|Any CPU.ActiveCfg = Release|Any CPU
		{5044D83E-EE9A-4895-BADE-29B58F9AACAC}.Release|Any CPU.Build.0 = Release|Any CPU
		{47A9406C-2E78-40F2-B8D7-CBEF58611008}.Debug|Any CPU.ActiveCfg = Debug|Any CPU
		{47A9406C-2E78-40F2-B8D7-CBEF58611008}.Debug|Any CPU.Build.0 = Debug|Any CPU
		{47A9406C-2E78-40F2-B8D7-CBEF58611008}.Release|Any CPU.ActiveCfg = Release|Any CPU
		{47A9406C-2E78-40F2-B8D7-CBEF58611008}.Release|Any CPU.Build.0 = Release|Any CPU
		{65C1A91E-CC2A-457C-9F81-45EE9D34AF86}.Debug|Any CPU.ActiveCfg = Debug|Any CPU
		{65C1A91E-CC2A-457C-9F81-45EE9D34AF86}.Debug|Any CPU.Build.0 = Debug|Any CPU
		{65C1A91E-CC2A-457C-9F81-45EE9D34AF86}.Release|Any CPU.ActiveCfg = Release|Any CPU
		{65C1A91E-CC2A-457C-9F81-45EE9D34AF86}.Release|Any CPU.Build.0 = Release|Any CPU
		{9C0E6D5C-1D2E-49BD-A04F-E1213BD1AAFA}.Debug|Any CPU.ActiveCfg = Debug|Any CPU
		{9C0E6D5C-1D2E-49BD-A04F-E1213BD1AAFA}.Debug|Any CPU.Build.0 = Debug|Any CPU
		{9C0E6D5C-1D2E-49BD-A04F-E1213BD1AAFA}.Release|Any CPU.ActiveCfg = Release|Any CPU
		{9C0E6D5C-1D2E-49BD-A04F-E1213BD1AAFA}.Release|Any CPU.Build.0 = Release|Any CPU
		{9BC33497-6A4E-4741-840E-7136977A9B74}.Debug|Any CPU.ActiveCfg = Debug|Any CPU
		{9BC33497-6A4E-4741-840E-7136977A9B74}.Debug|Any CPU.Build.0 = Debug|Any CPU
		{9BC33497-6A4E-4741-840E-7136977A9B74}.Release|Any CPU.ActiveCfg = Release|Any CPU
		{9BC33497-6A4E-4741-840E-7136977A9B74}.Release|Any CPU.Build.0 = Release|Any CPU
		{809212EB-D301-40F7-98F7-09D511C18D25}.Debug|Any CPU.ActiveCfg = Debug|Any CPU
		{809212EB-D301-40F7-98F7-09D511C18D25}.Debug|Any CPU.Build.0 = Debug|Any CPU
		{809212EB-D301-40F7-98F7-09D511C18D25}.Release|Any CPU.ActiveCfg = Release|Any CPU
		{809212EB-D301-40F7-98F7-09D511C18D25}.Release|Any CPU.Build.0 = Release|Any CPU
		{F04001B3-4EF4-49E7-8793-61B492B2DA53}.Debug|Any CPU.ActiveCfg = Debug|Any CPU
		{F04001B3-4EF4-49E7-8793-61B492B2DA53}.Debug|Any CPU.Build.0 = Debug|Any CPU
		{F04001B3-4EF4-49E7-8793-61B492B2DA53}.Release|Any CPU.ActiveCfg = Release|Any CPU
		{F04001B3-4EF4-49E7-8793-61B492B2DA53}.Release|Any CPU.Build.0 = Release|Any CPU
		{1F8E0C42-DF06-4060-A9CD-6C6BB524F04B}.Debug|Any CPU.ActiveCfg = Debug|Any CPU
		{1F8E0C42-DF06-4060-A9CD-6C6BB524F04B}.Debug|Any CPU.Build.0 = Debug|Any CPU
		{1F8E0C42-DF06-4060-A9CD-6C6BB524F04B}.Release|Any CPU.ActiveCfg = Release|Any CPU
		{1F8E0C42-DF06-4060-A9CD-6C6BB524F04B}.Release|Any CPU.Build.0 = Release|Any CPU
		{E10DF846-A3AF-46B6-8B9A-3530135CADEE}.Debug|Any CPU.ActiveCfg = Debug|Any CPU
		{E10DF846-A3AF-46B6-8B9A-3530135CADEE}.Debug|Any CPU.Build.0 = Debug|Any CPU
		{E10DF846-A3AF-46B6-8B9A-3530135CADEE}.Release|Any CPU.ActiveCfg = Release|Any CPU
		{E10DF846-A3AF-46B6-8B9A-3530135CADEE}.Release|Any CPU.Build.0 = Release|Any CPU
		{0E751414-F00B-489C-914C-16848CE3AEB8}.Debug|Any CPU.ActiveCfg = Debug|Any CPU
		{0E751414-F00B-489C-914C-16848CE3AEB8}.Debug|Any CPU.Build.0 = Debug|Any CPU
		{0E751414-F00B-489C-914C-16848CE3AEB8}.Release|Any CPU.ActiveCfg = Release|Any CPU
		{0E751414-F00B-489C-914C-16848CE3AEB8}.Release|Any CPU.Build.0 = Release|Any CPU
		{BAB5E380-A43E-4ADC-8F80-292C199FE744}.Debug|Any CPU.ActiveCfg = Debug|Any CPU
		{BAB5E380-A43E-4ADC-8F80-292C199FE744}.Debug|Any CPU.Build.0 = Debug|Any CPU
		{BAB5E380-A43E-4ADC-8F80-292C199FE744}.Release|Any CPU.ActiveCfg = Release|Any CPU
		{BAB5E380-A43E-4ADC-8F80-292C199FE744}.Release|Any CPU.Build.0 = Release|Any CPU
		{40C8ED13-5A71-437F-9CB1-F2072D232EFD}.Debug|Any CPU.ActiveCfg = Debug|Any CPU
		{40C8ED13-5A71-437F-9CB1-F2072D232EFD}.Debug|Any CPU.Build.0 = Debug|Any CPU
		{40C8ED13-5A71-437F-9CB1-F2072D232EFD}.Release|Any CPU.ActiveCfg = Release|Any CPU
		{40C8ED13-5A71-437F-9CB1-F2072D232EFD}.Release|Any CPU.Build.0 = Release|Any CPU
		{CFACBB74-D358-418E-AE8D-EB3CBF4861A6}.Debug|Any CPU.ActiveCfg = Debug|Any CPU
		{CFACBB74-D358-418E-AE8D-EB3CBF4861A6}.Debug|Any CPU.Build.0 = Debug|Any CPU
		{CFACBB74-D358-418E-AE8D-EB3CBF4861A6}.Release|Any CPU.ActiveCfg = Release|Any CPU
		{CFACBB74-D358-418E-AE8D-EB3CBF4861A6}.Release|Any CPU.Build.0 = Release|Any CPU
	EndGlobalSection
	GlobalSection(SolutionProperties) = preSolution
		HideSolutionNode = FALSE
	EndGlobalSection
	GlobalSection(NestedProjects) = preSolution
		{2E4588B5-542D-48EC-B12B-3F7E07A339E7} = {E4CB9A57-05BB-4A01-AA65-CFD9282AE04C}
		{DDF93CFE-D340-4EFA-BD8E-5F418CF17C2D} = {BA5606A6-E698-4D48-8ABF-82FF13B8C0A8}
		{5044D83E-EE9A-4895-BADE-29B58F9AACAC} = {E4CB9A57-05BB-4A01-AA65-CFD9282AE04C}
		{47A9406C-2E78-40F2-B8D7-CBEF58611008} = {E9B081F0-3B15-4BCE-BB00-81F1CD03237F}
		{9C0E6D5C-1D2E-49BD-A04F-E1213BD1AAFA} = {E9B081F0-3B15-4BCE-BB00-81F1CD03237F}
		{809212EB-D301-40F7-98F7-09D511C18D25} = {D4E9ABAD-EC4B-4A53-9A8E-66230315CB51}
		{F04001B3-4EF4-49E7-8793-61B492B2DA53} = {9E422E97-374B-4D30-A0F7-D897813BAB06}
		{1F8E0C42-DF06-4060-A9CD-6C6BB524F04B} = {ABE872A4-34EA-4D10-B280-6322C7FF744E}
		{E10DF846-A3AF-46B6-8B9A-3530135CADEE} = {ABE872A4-34EA-4D10-B280-6322C7FF744E}
		{0E751414-F00B-489C-914C-16848CE3AEB8} = {D4E9ABAD-EC4B-4A53-9A8E-66230315CB51}
		{BAB5E380-A43E-4ADC-8F80-292C199FE744} = {BA5606A6-E698-4D48-8ABF-82FF13B8C0A8}
		{40C8ED13-5A71-437F-9CB1-F2072D232EFD} = {E142E96E-456E-44AC-A423-FD9EA92697D6}
		{CFACBB74-D358-418E-AE8D-EB3CBF4861A6} = {E142E96E-456E-44AC-A423-FD9EA92697D6}
	EndGlobalSection
	GlobalSection(ExtensibilityGlobals) = postSolution
		SolutionGuid = {404C0A66-EC49-4932-AD88-71AEACB57659}
	EndGlobalSection
EndGlobal
